
Microsoft Visual Studio Solution File, Format Version 12.00
# Visual Studio Version 17
VisualStudioVersion = 17.4.33110.190
MinimumVisualStudioVersion = 10.0.40219.1
Project("{9A19103F-16F7-4668-BE54-9A1E7A4F7556}") = "DirectProblem", "DirectProblem\DirectProblem.csproj", "{A0A22EA7-7041-43B9-BF7F-E933568DEB7B}"
EndProject
Project("{9A19103F-16F7-4668-BE54-9A1E7A4F7556}") = "InverseProblem", "InverseProblem\InverseProblem.csproj", "{A310CE92-34C7-40B1-95F3-1183F3EE676A}"
EndProject
Global
	GlobalSection(SolutionConfigurationPlatforms) = preSolution
		Debug|Any CPU = Debug|Any CPU
		Release|Any CPU = Release|Any CPU
	EndGlobalSection
	GlobalSection(ProjectConfigurationPlatforms) = postSolution
		{A0A22EA7-7041-43B9-BF7F-E933568DEB7B}.Debug|Any CPU.ActiveCfg = Debug|Any CPU
		{A0A22EA7-7041-43B9-BF7F-E933568DEB7B}.Debug|Any CPU.Build.0 = Debug|Any CPU
		{A0A22EA7-7041-43B9-BF7F-E933568DEB7B}.Release|Any CPU.ActiveCfg = Release|Any CPU
		{A0A22EA7-7041-43B9-BF7F-E933568DEB7B}.Release|Any CPU.Build.0 = Release|Any CPU
		{A310CE92-34C7-40B1-95F3-1183F3EE676A}.Debug|Any CPU.ActiveCfg = Debug|Any CPU
		{A310CE92-34C7-40B1-95F3-1183F3EE676A}.Debug|Any CPU.Build.0 = Debug|Any CPU
		{A310CE92-34C7-40B1-95F3-1183F3EE676A}.Release|Any CPU.ActiveCfg = Release|Any CPU
		{A310CE92-34C7-40B1-95F3-1183F3EE676A}.Release|Any CPU.Build.0 = Release|Any CPU
	EndGlobalSection
	GlobalSection(SolutionProperties) = preSolution
		HideSolutionNode = FALSE
	EndGlobalSection
	GlobalSection(ExtensibilityGlobals) = postSolution
		SolutionGuid = {9F8B154B-D0AA-476B-BAE5-92A28F87EE13}
	EndGlobalSection
EndGlobal
